github.com/aws/aws-sdk-go-v2 v1.32.6 h1:7BokKRgRPuGmKkFMhEg/jSul+tB9VvXhcViILtfG8b4=
github.com/aws/aws-sdk-go-v2 v1.32.6/go.mod h1:P5WJBrYqqbWVaOxgH0X/FYYD47/nooaPOZPlQdmiN2U=
github.com/aws/aws-sdk-go-v2/aws/protocol/eventstream v1.6.7 h1:lL7IfaFzngfx0ZwUGOZdsFFnQ5uLvR0hWqqhyE7Q9M8=
github.com/aws/aws-sdk-go-v2/aws/protocol/eventstream v1.6.7/go.mod h1:QraP0UcVlQJsmHfioCrveWOC1nbiWUl3ej08h4mXWoc=
github.com/aws/aws-sdk-go-v2/credentials v1.17.46 h1:AU7RcriIo2lXjUfHFnFKYsLCwgbz1E7Mm95ieIRDNUg=
github.com/aws/aws-sdk-go-v2/credentials v1.17.46/go.mod h1:1FmYyLGL08KQXQ6mcTlifyFXfJVCNJTVGuQP4m0d/UA=
github.com/aws/aws-sdk-go-v2/internal/configsources v1.3.25 h1:s/fF4+yDQDoElYhfIVvSNyeCydfbuTKzhxSXDXCPasU=
github.com/aws/aws-sdk-go-v2/internal/configsources v1.3.25/go.mod h1:IgPfDv5jqFIzQSNbUEMoitNooSMXjRSDkhXv8jiROvU=
github.com/aws/aws-sdk-go-v2/internal/endpoints/v2 v2.6.25 h1:ZntTCl5EsYnhN/IygQEUugpdwbhdkom9uHcbCftiGgA=
github.com/aws/aws-sdk-go-v2/internal/endpoints/v2 v2.6.25/go.mod h1:DBdPrgeocww+CSl1C8cEV8PN1mHMBhuCDLpXezyvWkE=
github.com/aws/aws-sdk-go-v2/internal/v4a v1.3.25 h1:r67ps7oHCYnflpgDy2LZU0MAQtQbYIOqNNnqGO6xQkE=
github.com/aws/aws-sdk-go-v2/internal/v4a v1.3.25/go.mod h1:GrGY+Q4fIokYLtjCVB/aFfCVL6hhGUFl8inD18fDalE=
github.com/aws/aws-sdk-go-v2/service/internal/accept-encoding v1.12.1 h1:iXtILhvDxB6kPvEXgsDhGaZCSC6LQET5ZHSdJozeI0Y=
github.com/aws/aws-sdk-go-v2/service/internal/accept-encoding v1.12.1/go.mod h1:9nu0fVANtYiAePIBh2/pFUSwtJ402hLnp854CNoDOeE=
github.com/aws/aws-sdk-go-v2/service/internal/checksum v1.4.6 h1:HCpPsWqmYQieU7SS6E9HXfdAMSud0pteVXieJmcpIRI=
github.com/aws/aws-sdk-go-v2/service/internal/checksum v1.4.6/go.mod h1:ngUiVRCco++u+soRRVBIvBZxSMMvOVMXA4PJ36JLfSw=
github.com/aws/aws-sdk-go-v2/service/internal/presigned-url v1.12.6 h1:50+XsN70RS7dwJ2CkVNXzj7U2L1HKP8nqTd3XWEXBN4=
github.com/aws/aws-sdk-go-v2/service/internal/presigned-url v1.12.6/go.mod h1:WqgLmwY7so32kG01zD8CPTJWVWM+TzJoOVHwTg4aPug=
github.com/aws/aws-sdk-go-v2/service/internal/s3shared v1.18.6 h1:BbGDtTi0T1DYlmjBiCr/le3wzhA37O8QTC5/Ab8+EXk=
github.com/aws/aws-sdk-go-v2/service/internal/s3shared v1.18.6/go.mod h1:hLMJt7Q8ePgViKupeymbqI0la+t9/iYFBjxQCFwuAwI=
github.com/aws/aws-sdk-go-v2/service/s3 v1.71.0 h1:nyuzXooUNJexRT0Oy0UQY6AhOzxPxhtt4DcBIHyCnmw=
github.com/aws/aws-sdk-go-v2/service/s3 v1.71.0/go.mod h1:sT/iQz8JK3u/5gZkT+Hmr7GzVZehUMkRZpOaAwYXeGY=
github.com/aws/smithy-go v1.22.1 h1:/HPHZQ0g7f4eUeK6HKglFz8uwVfZKgoI25rb/J+dnro=
github.com/aws/smithy-go v1.22.1/go.mod h1:irrKGvNn1InZwb2d7fkIRNucdfwR8R+Ts3wxYa/cJHg=
github.com/bsm/ginkgo/v2 v2.12.0 h1:Ny8MWAHyOepLGlLKYmXG4IEkioBysk6GpaRTLC8zwWs=
github.com/bsm/ginkgo/v2 v2.12.0/go.mod h1:SwYbGRRDovPVboqFv0tPTcG1sN61LM1Z4ARdbAV9g4c=
github.com/bsm/gomega v1.27.10 h1:yeMWxP2pV2fG3FgAODIY8EiRE3dy0aeFYt4l7wh6yKA=
github.com/bsm/gomega v1.27.10/go.mod h1:JyEr/xRbxbtgWNi8tIEVPUYZ5Dzef52k01W3YH0H+O0=
github.com/cespare/xxhash/v2 v2.2.0 h1:DC2CZ1Ep5Y4k3ZQ899DldepgrayRUGE6BBZ/cd9Cj44=
github.com/cespare/xxhash/v2 v2.2.0/go.mod h1:VGX0DQ3Q6kWi7AoAeZDth3/j3BFtOZR5XLFGgcrjCOs=
github.com/dgryski/go-rendezvous v0.0.0-20200823014737-9f7001d12a5f h1:lO4WD4F/rVNCu3HqELle0jiPLLBs70cWOduZpkS1E78=
github.com/dgryski/go-rendezvous v0.0.0-20200823014737-9f7001d12a5f/go.mod h1:cuUVRXasLTGF7a8hSLbxyZXjz+1KgoB3wDUb6vlszIc=
github.com/go-chi/chi/v5 v5.1.0 h1:acVI1TYaD+hhedDJ3r54HyA6sExp3HfXq7QWEEY/xMw=
github.com/go-chi/chi/v5 v5.1.0/go.mod h1:DslCQbL2OYiznFReuXYUmQ2hGd1aDpCnlMNITLSKoi8=
github.com/google/uuid v1.6.0 h1:NIvaJDMOsjHA8n1jAhLSgzrAzy1Hgr+hNrb57e+94F0=
github.com/google/uuid v1.6.0/go.mod h1:TIyPZe4MgqvfeYDBFedMoGGpEw/LqOeaOT+nhxU+yHo=
github.com/lib/pq v1.10.9 h1:YXG7RB+JIjhP29X+OtkiDnYaXQwpS4JEWq7dtCCRUEw=
github.com/lib/pq v1.10.9/go.mod h1:AlVN5x4E4T544tWzH6hKfbfQvm3HdbOxrmggDNAPY9o=
github.com/rabbitmq/amqp091-go v1.10.0 h1:STpn5XsHlHGcecLmMFCtg7mqq0RnD+zFr4uzukfVhBw=
github.com/rabbitmq/amqp091-go v1.10.0/go.mod h1:Hy4jKW5kQART1u+JkDTF9YYOQUHXqMuhrgxOEeS7G4o=
github.com/redis/go-redis/v9 v9.7.0 h1:HhLSs+B6O021gwzl+locl0zEDnyNkxMtf/Z3NNBMa9E=
github.com/redis/go-redis/v9 v9.7.0/go.mod h1:f6zhXITC7JUJIlPEiBOTXxJgPLdZcA93GewI7inzyWw=
go.uber.org/goleak v1.3.0 h1:2K3zAYmnTNqV73imy9J1T3WC+gmCePx2hEGkimedGto=
go.uber.org/goleak v1.3.0/go.mod h1:CoHD4mav9JJNrW/WLlf7HGZPjdw8EucARQHekz1X6bE=
